
Microsoft Visual Studio Solution File, Format Version 12.00
Project("{FAE04EC0-301F-11D3-BF4B-00C04F79EFBC}") = "proga lab 3", "proga lab 3\proga lab 3.csproj", "{EF83E928-7674-40BD-B8E6-5743B1EE15B2}"
EndProject
Global
	GlobalSection(SolutionConfigurationPlatforms) = preSolution
		Debug|Any CPU = Debug|Any CPU
		Release|Any CPU = Release|Any CPU
	EndGlobalSection
	GlobalSection(ProjectConfigurationPlatforms) = postSolution
		{EF83E928-7674-40BD-B8E6-5743B1EE15B2}.Debug|Any CPU.ActiveCfg = Debug|Any CPU
		{EF83E928-7674-40BD-B8E6-5743B1EE15B2}.Debug|Any CPU.Build.0 = Debug|Any CPU
		{EF83E928-7674-40BD-B8E6-5743B1EE15B2}.Release|Any CPU.ActiveCfg = Release|Any CPU
		{EF83E928-7674-40BD-B8E6-5743B1EE15B2}.Release|Any CPU.Build.0 = Release|Any CPU
	EndGlobalSection
EndGlobal
